
Microsoft Visual Studio Solution File, Format Version 12.00
# Visual Studio Version 16
VisualStudioVersion = 16.0.29926.136
MinimumVisualStudioVersion = 10.0.40219.1
Project("{9A19103F-16F7-4668-BE54-9A1E7A4F7556}") = "Koralium.SqlToExpression", "src\Koralium.SqlToExpression\Koralium.SqlToExpression.csproj", "{9A2CF374-1AAD-41E5-8C62-E4A2CBB9D959}"
EndProject
Project("{2150E333-8FDC-42A3-9474-1A3956D46DE8}") = "src", "src", "{6612ACD6-8BB1-41DF-8457-066993C5156C}"
EndProject
Project("{9A19103F-16F7-4668-BE54-9A1E7A4F7556}") = "Koralium.Core", "src\Koralium.Core\Koralium.Core.csproj", "{B4304E0E-F3D0-4831-9EC6-119E8C9C9116}"
EndProject
Project("{2150E333-8FDC-42A3-9474-1A3956D46DE8}") = "tests", "tests", "{F7D6319E-DD32-4366-9FE5-D9FFA602CD72}"
EndProject
Project("{9A19103F-16F7-4668-BE54-9A1E7A4F7556}") = "Koralium.SqlToExpression.Tests", "tests\Koralium.SqlToExpression.Tests\Koralium.SqlToExpression.Tests.csproj", "{2F7A50C0-4A35-443B-B474-60F212C640A3}"
EndProject
Project("{9A19103F-16F7-4668-BE54-9A1E7A4F7556}") = "Koralium.SqlToExpression.Benchmark", "tests\Koralium.SqlToExpression.Benchmark\Koralium.SqlToExpression.Benchmark.csproj", "{3EA1E8FE-06D8-49E8-9DBC-0BAF6A2F06FE}"
EndProject
Project("{9A19103F-16F7-4668-BE54-9A1E7A4F7556}") = "Koralium.WebTests", "tests\Koralium.WebTests\Koralium.WebTests.csproj", "{C25F7553-8AAD-4559-9790-81ABDE625F5C}"
EndProject
Project("{9A19103F-16F7-4668-BE54-9A1E7A4F7556}") = "Koralium.Json", "src\Koralium.Json\Koralium.Json.csproj", "{8A79CC47-412A-4E70-AE10-153C399CE263}"
EndProject
Project("{9A19103F-16F7-4668-BE54-9A1E7A4F7556}") = "Data.Koralium", "Data.Koralium\Data.Koralium.csproj", "{CA6099C5-9B2A-4E3E-9C36-EEDD13FC033E}"
EndProject
Project("{9A19103F-16F7-4668-BE54-9A1E7A4F7556}") = "Data.Koralium.Tests", "tests\Data.Koralium.Tests\Data.Koralium.Tests.csproj", "{E086F417-ACFA-4B72-9F7A-674838887BE8}"
EndProject
Project("{9A19103F-16F7-4668-BE54-9A1E7A4F7556}") = "Koralium.Shared", "src\Koralium.Shared\Koralium.Shared.csproj", "{6BB0170F-84F8-474C-9AF8-0FFE1214545E}"
EndProject
Project("{FAE04EC0-301F-11D3-BF4B-00C04F79EFBC}") = "EntityFrameworkCore.Koralium", "src\EntityFrameworkCore.Koralium\EntityFrameworkCore.Koralium.csproj", "{DE9DDD15-2285-4F66-BC71-F1734BB5544A}"
EndProject
Project("{9A19103F-16F7-4668-BE54-9A1E7A4F7556}") = "EntityFrameworkCore.Koralium.Tests", "tests\EntityFrameworkCore.Koralium.Tests\EntityFrameworkCore.Koralium.Tests.csproj", "{0B0BA63A-2713-4AD4-924D-0EDC4D46718D}"
EndProject
Global
	GlobalSection(SolutionConfigurationPlatforms) = preSolution
		Debug|Any CPU = Debug|Any CPU
		Release|Any CPU = Release|Any CPU
	EndGlobalSection
	GlobalSection(ProjectConfigurationPlatforms) = postSolution
		{9A2CF374-1AAD-41E5-8C62-E4A2CBB9D959}.Debug|Any CPU.ActiveCfg = Debug|Any CPU
		{9A2CF374-1AAD-41E5-8C62-E4A2CBB9D959}.Debug|Any CPU.Build.0 = Debug|Any CPU
		{9A2CF374-1AAD-41E5-8C62-E4A2CBB9D959}.Release|Any CPU.ActiveCfg = Release|Any CPU
		{9A2CF374-1AAD-41E5-8C62-E4A2CBB9D959}.Release|Any CPU.Build.0 = Release|Any CPU
		{B4304E0E-F3D0-4831-9EC6-119E8C9C9116}.Debug|Any CPU.ActiveCfg = Debug|Any CPU
		{B4304E0E-F3D0-4831-9EC6-119E8C9C9116}.Debug|Any CPU.Build.0 = Debug|Any CPU
		{B4304E0E-F3D0-4831-9EC6-119E8C9C9116}.Release|Any CPU.ActiveCfg = Release|Any CPU
		{B4304E0E-F3D0-4831-9EC6-119E8C9C9116}.Release|Any CPU.Build.0 = Release|Any CPU
		{2F7A50C0-4A35-443B-B474-60F212C640A3}.Debug|Any CPU.ActiveCfg = Debug|Any CPU
		{2F7A50C0-4A35-443B-B474-60F212C640A3}.Debug|Any CPU.Build.0 = Debug|Any CPU
		{2F7A50C0-4A35-443B-B474-60F212C640A3}.Release|Any CPU.ActiveCfg = Release|Any CPU
		{2F7A50C0-4A35-443B-B474-60F212C640A3}.Release|Any CPU.Build.0 = Release|Any CPU
		{3EA1E8FE-06D8-49E8-9DBC-0BAF6A2F06FE}.Debug|Any CPU.ActiveCfg = Debug|Any CPU
		{3EA1E8FE-06D8-49E8-9DBC-0BAF6A2F06FE}.Debug|Any CPU.Build.0 = Debug|Any CPU
		{3EA1E8FE-06D8-49E8-9DBC-0BAF6A2F06FE}.Release|Any CPU.ActiveCfg = Release|Any CPU
		{3EA1E8FE-06D8-49E8-9DBC-0BAF6A2F06FE}.Release|Any CPU.Build.0 = Release|Any CPU
		{C25F7553-8AAD-4559-9790-81ABDE625F5C}.Debug|Any CPU.ActiveCfg = Debug|Any CPU
		{C25F7553-8AAD-4559-9790-81ABDE625F5C}.Debug|Any CPU.Build.0 = Debug|Any CPU
		{C25F7553-8AAD-4559-9790-81ABDE625F5C}.Release|Any CPU.ActiveCfg = Release|Any CPU
		{C25F7553-8AAD-4559-9790-81ABDE625F5C}.Release|Any CPU.Build.0 = Release|Any CPU
		{8A79CC47-412A-4E70-AE10-153C399CE263}.Debug|Any CPU.ActiveCfg = Debug|Any CPU
		{8A79CC47-412A-4E70-AE10-153C399CE263}.Debug|Any CPU.Build.0 = Debug|Any CPU
		{8A79CC47-412A-4E70-AE10-153C399CE263}.Release|Any CPU.ActiveCfg = Release|Any CPU
		{8A79CC47-412A-4E70-AE10-153C399CE263}.Release|Any CPU.Build.0 = Release|Any CPU
		{CA6099C5-9B2A-4E3E-9C36-EEDD13FC033E}.Debug|Any CPU.ActiveCfg = Debug|Any CPU
		{CA6099C5-9B2A-4E3E-9C36-EEDD13FC033E}.Debug|Any CPU.Build.0 = Debug|Any CPU
		{CA6099C5-9B2A-4E3E-9C36-EEDD13FC033E}.Release|Any CPU.ActiveCfg = Release|Any CPU
		{CA6099C5-9B2A-4E3E-9C36-EEDD13FC033E}.Release|Any CPU.Build.0 = Release|Any CPU
		{E086F417-ACFA-4B72-9F7A-674838887BE8}.Debug|Any CPU.ActiveCfg = Debug|Any CPU
		{E086F417-ACFA-4B72-9F7A-674838887BE8}.Debug|Any CPU.Build.0 = Debug|Any CPU
		{E086F417-ACFA-4B72-9F7A-674838887BE8}.Release|Any CPU.ActiveCfg = Release|Any CPU
		{E086F417-ACFA-4B72-9F7A-674838887BE8}.Release|Any CPU.Build.0 = Release|Any CPU
		{6BB0170F-84F8-474C-9AF8-0FFE1214545E}.Debug|Any CPU.ActiveCfg = Debug|Any CPU
		{6BB0170F-84F8-474C-9AF8-0FFE1214545E}.Debug|Any CPU.Build.0 = Debug|Any CPU
		{6BB0170F-84F8-474C-9AF8-0FFE1214545E}.Release|Any CPU.ActiveCfg = Release|Any CPU
		{6BB0170F-84F8-474C-9AF8-0FFE1214545E}.Release|Any CPU.Build.0 = Release|Any CPU
		{DE9DDD15-2285-4F66-BC71-F1734BB5544A}.Debug|Any CPU.ActiveCfg = Debug|Any CPU
		{DE9DDD15-2285-4F66-BC71-F1734BB5544A}.Debug|Any CPU.Build.0 = Debug|Any CPU
		{DE9DDD15-2285-4F66-BC71-F1734BB5544A}.Release|Any CPU.ActiveCfg = Release|Any CPU
		{DE9DDD15-2285-4F66-BC71-F1734BB5544A}.Release|Any CPU.Build.0 = Release|Any CPU
		{0B0BA63A-2713-4AD4-924D-0EDC4D46718D}.Debug|Any CPU.ActiveCfg = Debug|Any CPU
		{0B0BA63A-2713-4AD4-924D-0EDC4D46718D}.Debug|Any CPU.Build.0 = Debug|Any CPU
		{0B0BA63A-2713-4AD4-924D-0EDC4D46718D}.Release|Any CPU.ActiveCfg = Release|Any CPU
		{0B0BA63A-2713-4AD4-924D-0EDC4D46718D}.Release|Any CPU.Build.0 = Release|Any CPU
	EndGlobalSection
	GlobalSection(SolutionProperties) = preSolution
		HideSolutionNode = FALSE
	EndGlobalSection
	GlobalSection(NestedProjects) = preSolution
		{9A2CF374-1AAD-41E5-8C62-E4A2CBB9D959} = {6612ACD6-8BB1-41DF-8457-066993C5156C}
		{B4304E0E-F3D0-4831-9EC6-119E8C9C9116} = {6612ACD6-8BB1-41DF-8457-066993C5156C}
		{2F7A50C0-4A35-443B-B474-60F212C640A3} = {F7D6319E-DD32-4366-9FE5-D9FFA602CD72}
		{3EA1E8FE-06D8-49E8-9DBC-0BAF6A2F06FE} = {F7D6319E-DD32-4366-9FE5-D9FFA602CD72}
		{C25F7553-8AAD-4559-9790-81ABDE625F5C} = {F7D6319E-DD32-4366-9FE5-D9FFA602CD72}
		{8A79CC47-412A-4E70-AE10-153C399CE263} = {6612ACD6-8BB1-41DF-8457-066993C5156C}
		{CA6099C5-9B2A-4E3E-9C36-EEDD13FC033E} = {6612ACD6-8BB1-41DF-8457-066993C5156C}
		{E086F417-ACFA-4B72-9F7A-674838887BE8} = {F7D6319E-DD32-4366-9FE5-D9FFA602CD72}
		{6BB0170F-84F8-474C-9AF8-0FFE1214545E} = {6612ACD6-8BB1-41DF-8457-066993C5156C}
		{DE9DDD15-2285-4F66-BC71-F1734BB5544A} = {6612ACD6-8BB1-41DF-8457-066993C5156C}
		{0B0BA63A-2713-4AD4-924D-0EDC4D46718D} = {F7D6319E-DD32-4366-9FE5-D9FFA602CD72}
	EndGlobalSection
	GlobalSection(ExtensibilityGlobals) = postSolution
		SolutionGuid = {370182A4-5D02-471D-9AC0-8A745D2E3299}
	EndGlobalSection
EndGlobal
